
Microsoft Visual Studio Solution File, Format Version 12.00
# Visual Studio 2012
Project("{FAE04EC0-301F-11D3-BF4B-00C04F79EFBC}") = "01_深度优先遍历", "01_深度优先遍历\01_深度优先遍历.csproj", "{57B2DE23-9B49-462B-BC70-ECF5BD19D8EE}"
EndProject
Global
	GlobalSection(SolutionConfigurationPlatforms) = preSolution
		Debug|Any CPU = Debug|Any CPU
		Release|Any CPU = Release|Any CPU
	EndGlobalSection
	GlobalSection(ProjectConfigurationPlatforms) = postSolution
		{57B2DE23-9B49-462B-BC70-ECF5BD19D8EE}.Debug|Any CPU.ActiveCfg = Debug|Any CPU
		{57B2DE23-9B49-462B-BC70-ECF5BD19D8EE}.Debug|Any CPU.Build.0 = Debug|Any CPU
		{57B2DE23-9B49-462B-BC70-ECF5BD19D8EE}.Release|Any CPU.ActiveCfg = Release|Any CPU
		{57B2DE23-9B49-462B-BC70-ECF5BD19D8EE}.Release|Any CPU.Build.0 = Release|Any CPU
	EndGlobalSection
	GlobalSection(SolutionProperties) = preSolution
		HideSolutionNode = FALSE
	EndGlobalSection
EndGlobal
