
Microsoft Visual Studio Solution File, Format Version 12.00
# Visual Studio 2012
Project("{8BC9CEB8-8B4A-11D0-8D11-00A0C91BC942}") = "20161010", "20161010.vcxproj", "{3109D062-FAF3-4258-8562-0D723AE82EA5}"
EndProject
Global
	GlobalSection(SolutionConfigurationPlatforms) = preSolution
		Debug|Win32 = Debug|Win32
		Release|Win32 = Release|Win32
	EndGlobalSection
	GlobalSection(ProjectConfigurationPlatforms) = postSolution
		{3109D062-FAF3-4258-8562-0D723AE82EA5}.Debug|Win32.ActiveCfg = Debug|Win32
		{3109D062-FAF3-4258-8562-0D723AE82EA5}.Debug|Win32.Build.0 = Debug|Win32
		{3109D062-FAF3-4258-8562-0D723AE82EA5}.Release|Win32.ActiveCfg = Release|Win32
		{3109D062-FAF3-4258-8562-0D723AE82EA5}.Release|Win32.Build.0 = Release|Win32
	EndGlobalSection
	GlobalSection(SolutionProperties) = preSolution
		HideSolutionNode = FALSE
	EndGlobalSection
EndGlobal
