
Microsoft Visual Studio Solution File, Format Version 12.00
# Visual Studio 2012
Project("{FAE04EC0-301F-11D3-BF4B-00C04F79EFBC}") = "Test1", "Test1.csproj", "{DAB5CF55-DCE5-42BE-B4A8-77A4F8BEA481}"
EndProject
Global
	GlobalSection(SolutionConfigurationPlatforms) = preSolution
		Debug|Any CPU = Debug|Any CPU
		Release|Any CPU = Release|Any CPU
	EndGlobalSection
	GlobalSection(ProjectConfigurationPlatforms) = postSolution
		{DAB5CF55-DCE5-42BE-B4A8-77A4F8BEA481}.Debug|Any CPU.ActiveCfg = Debug|Any CPU
		{DAB5CF55-DCE5-42BE-B4A8-77A4F8BEA481}.Debug|Any CPU.Build.0 = Debug|Any CPU
		{DAB5CF55-DCE5-42BE-B4A8-77A4F8BEA481}.Release|Any CPU.ActiveCfg = Release|Any CPU
		{DAB5CF55-DCE5-42BE-B4A8-77A4F8BEA481}.Release|Any CPU.Build.0 = Release|Any CPU
	EndGlobalSection
	GlobalSection(SolutionProperties) = preSolution
		HideSolutionNode = FALSE
	EndGlobalSection
EndGlobal
