
Microsoft Visual Studio Solution File, Format Version 12.00
# Visual Studio 2012
Project("{FAE04EC0-301F-11D3-BF4B-00C04F79EFBC}") = "_out", "_out\_out.csproj", "{B4B57ABC-FBB0-44F5-8F6A-F0C1553E0071}"
EndProject
Project("{FAE04EC0-301F-11D3-BF4B-00C04F79EFBC}") = "_ref", "_ref\_ref.csproj", "{ACF1EEB4-0C3F-41CF-8334-C0FE9DF9A81E}"
EndProject
Project("{FAE04EC0-301F-11D3-BF4B-00C04F79EFBC}") = "_params", "_params\_params.csproj", "{C00A1C50-B977-4A7B-AA10-5A885806508F}"
EndProject
Project("{FAE04EC0-301F-11D3-BF4B-00C04F79EFBC}") = "_方法的重载", "_方法的重载\_方法的重载.csproj", "{A4F4B164-6E33-420E-AEA0-C1779E560996}"
EndProject
Project("{FAE04EC0-301F-11D3-BF4B-00C04F79EFBC}") = "_方法的递归", "_方法的递归\_方法的递归.csproj", "{3713FBC4-418D-412A-916C-931B113456B9}"
EndProject
Project("{FAE04EC0-301F-11D3-BF4B-00C04F79EFBC}") = "_方法的练习", "_方法的练习\_方法的练习.csproj", "{5991CAAA-18C9-45E8-BD27-D997B8902F4D}"
EndProject
Project("{FAE04EC0-301F-11D3-BF4B-00C04F79EFBC}") = "_方法的练习1", "_方法的练习1\_方法的练习1.csproj", "{53425771-FEED-407E-89BA-70E8AED6BA02}"
EndProject
Project("{FAE04EC0-301F-11D3-BF4B-00C04F79EFBC}") = "_方法练习2", "_方法练习2\_方法练习2.csproj", "{0AC61D94-D195-46B6-AACB-FC17F6DF34E9}"
EndProject
Project("{FAE04EC0-301F-11D3-BF4B-00C04F79EFBC}") = "_方法练习3", "_方法练习3\_方法练习3.csproj", "{D742112D-1632-4C6F-A7CF-90925EE1D6CD}"
EndProject
Project("{FAE04EC0-301F-11D3-BF4B-00C04F79EFBC}") = "_方法的练习4", "_方法的练习4\_方法的练习4.csproj", "{9F14A6D5-CDE7-4500-B410-0173B79E4BB7}"
EndProject
Global
	GlobalSection(SolutionConfigurationPlatforms) = preSolution
		Debug|Any CPU = Debug|Any CPU
		Release|Any CPU = Release|Any CPU
	EndGlobalSection
	GlobalSection(ProjectConfigurationPlatforms) = postSolution
		{B4B57ABC-FBB0-44F5-8F6A-F0C1553E0071}.Debug|Any CPU.ActiveCfg = Debug|Any CPU
		{B4B57ABC-FBB0-44F5-8F6A-F0C1553E0071}.Debug|Any CPU.Build.0 = Debug|Any CPU
		{B4B57ABC-FBB0-44F5-8F6A-F0C1553E0071}.Release|Any CPU.ActiveCfg = Release|Any CPU
		{B4B57ABC-FBB0-44F5-8F6A-F0C1553E0071}.Release|Any CPU.Build.0 = Release|Any CPU
		{ACF1EEB4-0C3F-41CF-8334-C0FE9DF9A81E}.Debug|Any CPU.ActiveCfg = Debug|Any CPU
		{ACF1EEB4-0C3F-41CF-8334-C0FE9DF9A81E}.Debug|Any CPU.Build.0 = Debug|Any CPU
		{ACF1EEB4-0C3F-41CF-8334-C0FE9DF9A81E}.Release|Any CPU.ActiveCfg = Release|Any CPU
		{ACF1EEB4-0C3F-41CF-8334-C0FE9DF9A81E}.Release|Any CPU.Build.0 = Release|Any CPU
		{C00A1C50-B977-4A7B-AA10-5A885806508F}.Debug|Any CPU.ActiveCfg = Debug|Any CPU
		{C00A1C50-B977-4A7B-AA10-5A885806508F}.Debug|Any CPU.Build.0 = Debug|Any CPU
		{C00A1C50-B977-4A7B-AA10-5A885806508F}.Release|Any CPU.ActiveCfg = Release|Any CPU
		{C00A1C50-B977-4A7B-AA10-5A885806508F}.Release|Any CPU.Build.0 = Release|Any CPU
		{A4F4B164-6E33-420E-AEA0-C1779E560996}.Debug|Any CPU.ActiveCfg = Debug|Any CPU
		{A4F4B164-6E33-420E-AEA0-C1779E560996}.Debug|Any CPU.Build.0 = Debug|Any CPU
		{A4F4B164-6E33-420E-AEA0-C1779E560996}.Release|Any CPU.ActiveCfg = Release|Any CPU
		{A4F4B164-6E33-420E-AEA0-C1779E560996}.Release|Any CPU.Build.0 = Release|Any CPU
		{3713FBC4-418D-412A-916C-931B113456B9}.Debug|Any CPU.ActiveCfg = Debug|Any CPU
		{3713FBC4-418D-412A-916C-931B113456B9}.Debug|Any CPU.Build.0 = Debug|Any CPU
		{3713FBC4-418D-412A-916C-931B113456B9}.Release|Any CPU.ActiveCfg = Release|Any CPU
		{3713FBC4-418D-412A-916C-931B113456B9}.Release|Any CPU.Build.0 = Release|Any CPU
		{5991CAAA-18C9-45E8-BD27-D997B8902F4D}.Debug|Any CPU.ActiveCfg = Debug|Any CPU
		{5991CAAA-18C9-45E8-BD27-D997B8902F4D}.Debug|Any CPU.Build.0 = Debug|Any CPU
		{5991CAAA-18C9-45E8-BD27-D997B8902F4D}.Release|Any CPU.ActiveCfg = Release|Any CPU
		{5991CAAA-18C9-45E8-BD27-D997B8902F4D}.Release|Any CPU.Build.0 = Release|Any CPU
		{53425771-FEED-407E-89BA-70E8AED6BA02}.Debug|Any CPU.ActiveCfg = Debug|Any CPU
		{53425771-FEED-407E-89BA-70E8AED6BA02}.Debug|Any CPU.Build.0 = Debug|Any CPU
		{53425771-FEED-407E-89BA-70E8AED6BA02}.Release|Any CPU.ActiveCfg = Release|Any CPU
		{53425771-FEED-407E-89BA-70E8AED6BA02}.Release|Any CPU.Build.0 = Release|Any CPU
		{0AC61D94-D195-46B6-AACB-FC17F6DF34E9}.Debug|Any CPU.ActiveCfg = Debug|Any CPU
		{0AC61D94-D195-46B6-AACB-FC17F6DF34E9}.Debug|Any CPU.Build.0 = Debug|Any CPU
		{0AC61D94-D195-46B6-AACB-FC17F6DF34E9}.Release|Any CPU.ActiveCfg = Release|Any CPU
		{0AC61D94-D195-46B6-AACB-FC17F6DF34E9}.Release|Any CPU.Build.0 = Release|Any CPU
		{D742112D-1632-4C6F-A7CF-90925EE1D6CD}.Debug|Any CPU.ActiveCfg = Debug|Any CPU
		{D742112D-1632-4C6F-A7CF-90925EE1D6CD}.Debug|Any CPU.Build.0 = Debug|Any CPU
		{D742112D-1632-4C6F-A7CF-90925EE1D6CD}.Release|Any CPU.ActiveCfg = Release|Any CPU
		{D742112D-1632-4C6F-A7CF-90925EE1D6CD}.Release|Any CPU.Build.0 = Release|Any CPU
		{9F14A6D5-CDE7-4500-B410-0173B79E4BB7}.Debug|Any CPU.ActiveCfg = Debug|Any CPU
		{9F14A6D5-CDE7-4500-B410-0173B79E4BB7}.Debug|Any CPU.Build.0 = Debug|Any CPU
		{9F14A6D5-CDE7-4500-B410-0173B79E4BB7}.Release|Any CPU.ActiveCfg = Release|Any CPU
		{9F14A6D5-CDE7-4500-B410-0173B79E4BB7}.Release|Any CPU.Build.0 = Release|Any CPU
	EndGlobalSection
	GlobalSection(SolutionProperties) = preSolution
		HideSolutionNode = FALSE
	EndGlobalSection
EndGlobal
