
Microsoft Visual Studio Solution File, Format Version 12.00
# Visual Studio 2012
Project("{FAE04EC0-301F-11D3-BF4B-00C04F79EFBC}") = "do循环", "do循环\do循环.csproj", "{FDB5D296-5A86-4A4B-A148-AE06DFE7A7F0}"
EndProject
Global
	GlobalSection(SolutionConfigurationPlatforms) = preSolution
		Debug|Any CPU = Debug|Any CPU
		Release|Any CPU = Release|Any CPU
	EndGlobalSection
	GlobalSection(ProjectConfigurationPlatforms) = postSolution
		{FDB5D296-5A86-4A4B-A148-AE06DFE7A7F0}.Debug|Any CPU.ActiveCfg = Debug|Any CPU
		{FDB5D296-5A86-4A4B-A148-AE06DFE7A7F0}.Debug|Any CPU.Build.0 = Debug|Any CPU
		{FDB5D296-5A86-4A4B-A148-AE06DFE7A7F0}.Release|Any CPU.ActiveCfg = Release|Any CPU
		{FDB5D296-5A86-4A4B-A148-AE06DFE7A7F0}.Release|Any CPU.Build.0 = Release|Any CPU
	EndGlobalSection
	GlobalSection(SolutionProperties) = preSolution
		HideSolutionNode = FALSE
	EndGlobalSection
EndGlobal
