
Microsoft Visual Studio Solution File, Format Version 12.00
# Visual Studio 2012
Project("{FAE04EC0-301F-11D3-BF4B-00C04F79EFBC}") = "0625_绪论", "0625_绪论\0625_绪论.csproj", "{8D8D4B91-8BFF-4EBC-84D9-32346716A372}"
EndProject
Project("{FAE04EC0-301F-11D3-BF4B-00C04F79EFBC}") = "0626_顺序表", "0626_链表的应用\0626_顺序表.csproj", "{9EFDEF19-E824-4416-BCB1-8FC01D230C4E}"
EndProject
Project("{FAE04EC0-301F-11D3-BF4B-00C04F79EFBC}") = "0627_单链表", "0627_实现单链表\0627_单链表.csproj", "{7F40707F-00AD-4DCC-BCC1-698DE9B1D87B}"
EndProject
Project("{FAE04EC0-301F-11D3-BF4B-00C04F79EFBC}") = "0628_循环链表", "0628_循环链表\0628_循环链表.csproj", "{3103899E-D27B-414E-BFA5-48C7DB021C9B}"
EndProject
Project("{FAE04EC0-301F-11D3-BF4B-00C04F79EFBC}") = "0629_双向链表", "0629_双向链表\0629_双向链表.csproj", "{FBF75AB4-2063-418D-93AD-24B1A696B059}"
EndProject
Project("{FAE04EC0-301F-11D3-BF4B-00C04F79EFBC}") = "0629_多项式相减的算法", "0629_多项式相减的算法\0629_多项式相减的算法.csproj", "{D2D4E6D5-F1B9-47E3-B11E-9863FC8DB775}"
EndProject
Project("{FAE04EC0-301F-11D3-BF4B-00C04F79EFBC}") = "0703_栈", "0703_栈\0703_栈.csproj", "{49E35B21-6DD6-4AA9-B7F2-D3D50C2F49C0}"
EndProject
Project("{FAE04EC0-301F-11D3-BF4B-00C04F79EFBC}") = "0703_顺序栈", "0703_顺序栈\0703_顺序栈.csproj", "{1BD6B6E3-9DF0-48A4-A633-4679A2CE7C39}"
EndProject
Project("{FAE04EC0-301F-11D3-BF4B-00C04F79EFBC}") = "0703_链栈", "0703_链栈\0703_链栈.csproj", "{487A4E78-CB4D-48E2-B309-FB70FD1986C1}"
EndProject
Project("{FAE04EC0-301F-11D3-BF4B-00C04F79EFBC}") = "0704_队列", "0704_队列\0704_队列.csproj", "{CEEA6DAC-C099-4D3D-994E-2D5E94BFCF1E}"
EndProject
Project("{FAE04EC0-301F-11D3-BF4B-00C04F79EFBC}") = "0704_链队列", "0704_链队列\0704_链队列.csproj", "{6E0F5ECD-F209-401B-AB72-81364C19DCA7}"
EndProject
Global
	GlobalSection(SolutionConfigurationPlatforms) = preSolution
		Debug|Any CPU = Debug|Any CPU
		Release|Any CPU = Release|Any CPU
	EndGlobalSection
	GlobalSection(ProjectConfigurationPlatforms) = postSolution
		{8D8D4B91-8BFF-4EBC-84D9-32346716A372}.Debug|Any CPU.ActiveCfg = Debug|Any CPU
		{8D8D4B91-8BFF-4EBC-84D9-32346716A372}.Debug|Any CPU.Build.0 = Debug|Any CPU
		{8D8D4B91-8BFF-4EBC-84D9-32346716A372}.Release|Any CPU.ActiveCfg = Release|Any CPU
		{8D8D4B91-8BFF-4EBC-84D9-32346716A372}.Release|Any CPU.Build.0 = Release|Any CPU
		{9EFDEF19-E824-4416-BCB1-8FC01D230C4E}.Debug|Any CPU.ActiveCfg = Debug|Any CPU
		{9EFDEF19-E824-4416-BCB1-8FC01D230C4E}.Debug|Any CPU.Build.0 = Debug|Any CPU
		{9EFDEF19-E824-4416-BCB1-8FC01D230C4E}.Release|Any CPU.ActiveCfg = Release|Any CPU
		{9EFDEF19-E824-4416-BCB1-8FC01D230C4E}.Release|Any CPU.Build.0 = Release|Any CPU
		{7F40707F-00AD-4DCC-BCC1-698DE9B1D87B}.Debug|Any CPU.ActiveCfg = Debug|Any CPU
		{7F40707F-00AD-4DCC-BCC1-698DE9B1D87B}.Debug|Any CPU.Build.0 = Debug|Any CPU
		{7F40707F-00AD-4DCC-BCC1-698DE9B1D87B}.Release|Any CPU.ActiveCfg = Release|Any CPU
		{7F40707F-00AD-4DCC-BCC1-698DE9B1D87B}.Release|Any CPU.Build.0 = Release|Any CPU
		{3103899E-D27B-414E-BFA5-48C7DB021C9B}.Debug|Any CPU.ActiveCfg = Debug|Any CPU
		{3103899E-D27B-414E-BFA5-48C7DB021C9B}.Debug|Any CPU.Build.0 = Debug|Any CPU
		{3103899E-D27B-414E-BFA5-48C7DB021C9B}.Release|Any CPU.ActiveCfg = Release|Any CPU
		{3103899E-D27B-414E-BFA5-48C7DB021C9B}.Release|Any CPU.Build.0 = Release|Any CPU
		{FBF75AB4-2063-418D-93AD-24B1A696B059}.Debug|Any CPU.ActiveCfg = Debug|Any CPU
		{FBF75AB4-2063-418D-93AD-24B1A696B059}.Debug|Any CPU.Build.0 = Debug|Any CPU
		{FBF75AB4-2063-418D-93AD-24B1A696B059}.Release|Any CPU.ActiveCfg = Release|Any CPU
		{FBF75AB4-2063-418D-93AD-24B1A696B059}.Release|Any CPU.Build.0 = Release|Any CPU
		{D2D4E6D5-F1B9-47E3-B11E-9863FC8DB775}.Debug|Any CPU.ActiveCfg = Debug|Any CPU
		{D2D4E6D5-F1B9-47E3-B11E-9863FC8DB775}.Debug|Any CPU.Build.0 = Debug|Any CPU
		{D2D4E6D5-F1B9-47E3-B11E-9863FC8DB775}.Release|Any CPU.ActiveCfg = Release|Any CPU
		{D2D4E6D5-F1B9-47E3-B11E-9863FC8DB775}.Release|Any CPU.Build.0 = Release|Any CPU
		{49E35B21-6DD6-4AA9-B7F2-D3D50C2F49C0}.Debug|Any CPU.ActiveCfg = Debug|Any CPU
		{49E35B21-6DD6-4AA9-B7F2-D3D50C2F49C0}.Debug|Any CPU.Build.0 = Debug|Any CPU
		{49E35B21-6DD6-4AA9-B7F2-D3D50C2F49C0}.Release|Any CPU.ActiveCfg = Release|Any CPU
		{49E35B21-6DD6-4AA9-B7F2-D3D50C2F49C0}.Release|Any CPU.Build.0 = Release|Any CPU
		{1BD6B6E3-9DF0-48A4-A633-4679A2CE7C39}.Debug|Any CPU.ActiveCfg = Debug|Any CPU
		{1BD6B6E3-9DF0-48A4-A633-4679A2CE7C39}.Debug|Any CPU.Build.0 = Debug|Any CPU
		{1BD6B6E3-9DF0-48A4-A633-4679A2CE7C39}.Release|Any CPU.ActiveCfg = Release|Any CPU
		{1BD6B6E3-9DF0-48A4-A633-4679A2CE7C39}.Release|Any CPU.Build.0 = Release|Any CPU
		{487A4E78-CB4D-48E2-B309-FB70FD1986C1}.Debug|Any CPU.ActiveCfg = Debug|Any CPU
		{487A4E78-CB4D-48E2-B309-FB70FD1986C1}.Debug|Any CPU.Build.0 = Debug|Any CPU
		{487A4E78-CB4D-48E2-B309-FB70FD1986C1}.Release|Any CPU.ActiveCfg = Release|Any CPU
		{487A4E78-CB4D-48E2-B309-FB70FD1986C1}.Release|Any CPU.Build.0 = Release|Any CPU
		{CEEA6DAC-C099-4D3D-994E-2D5E94BFCF1E}.Debug|Any CPU.ActiveCfg = Debug|Any CPU
		{CEEA6DAC-C099-4D3D-994E-2D5E94BFCF1E}.Debug|Any CPU.Build.0 = Debug|Any CPU
		{CEEA6DAC-C099-4D3D-994E-2D5E94BFCF1E}.Release|Any CPU.ActiveCfg = Release|Any CPU
		{CEEA6DAC-C099-4D3D-994E-2D5E94BFCF1E}.Release|Any CPU.Build.0 = Release|Any CPU
		{6E0F5ECD-F209-401B-AB72-81364C19DCA7}.Debug|Any CPU.ActiveCfg = Debug|Any CPU
		{6E0F5ECD-F209-401B-AB72-81364C19DCA7}.Debug|Any CPU.Build.0 = Debug|Any CPU
		{6E0F5ECD-F209-401B-AB72-81364C19DCA7}.Release|Any CPU.ActiveCfg = Release|Any CPU
		{6E0F5ECD-F209-401B-AB72-81364C19DCA7}.Release|Any CPU.Build.0 = Release|Any CPU
	EndGlobalSection
	GlobalSection(SolutionProperties) = preSolution
		HideSolutionNode = FALSE
	EndGlobalSection
EndGlobal
