
Microsoft Visual Studio Solution File, Format Version 12.00
# Visual Studio 2012
Project("{FAE04EC0-301F-11D3-BF4B-00C04F79EFBC}") = "01_游戏头", "01_游戏头\01_游戏头.csproj", "{AAC8F423-D37A-4F65-9948-E120E7552607}"
EndProject
Global
	GlobalSection(SolutionConfigurationPlatforms) = preSolution
		Debug|Any CPU = Debug|Any CPU
		Release|Any CPU = Release|Any CPU
	EndGlobalSection
	GlobalSection(ProjectConfigurationPlatforms) = postSolution
		{AAC8F423-D37A-4F65-9948-E120E7552607}.Debug|Any CPU.ActiveCfg = Debug|Any CPU
		{AAC8F423-D37A-4F65-9948-E120E7552607}.Debug|Any CPU.Build.0 = Debug|Any CPU
		{AAC8F423-D37A-4F65-9948-E120E7552607}.Release|Any CPU.ActiveCfg = Release|Any CPU
		{AAC8F423-D37A-4F65-9948-E120E7552607}.Release|Any CPU.Build.0 = Release|Any CPU
	EndGlobalSection
	GlobalSection(SolutionProperties) = preSolution
		HideSolutionNode = FALSE
	EndGlobalSection
EndGlobal
