
Microsoft Visual Studio Solution File, Format Version 12.00
# Visual Studio 2012
Project("{FAE04EC0-301F-11D3-BF4B-00C04F79EFBC}") = "禁忌搜索算法", "禁忌搜索算法\禁忌搜索算法.csproj", "{515EA8EA-3A74-40E1-930E-50C2EDD7139B}"
EndProject
Project("{FAE04EC0-301F-11D3-BF4B-00C04F79EFBC}") = "01_图节点着色问题", "01_图节点着色问题\01_图节点着色问题.csproj", "{3213E83F-98E5-44D8-8685-701EADAD6625}"
EndProject
Global
	GlobalSection(SolutionConfigurationPlatforms) = preSolution
		Debug|Any CPU = Debug|Any CPU
		Release|Any CPU = Release|Any CPU
	EndGlobalSection
	GlobalSection(ProjectConfigurationPlatforms) = postSolution
		{515EA8EA-3A74-40E1-930E-50C2EDD7139B}.Debug|Any CPU.ActiveCfg = Debug|Any CPU
		{515EA8EA-3A74-40E1-930E-50C2EDD7139B}.Debug|Any CPU.Build.0 = Debug|Any CPU
		{515EA8EA-3A74-40E1-930E-50C2EDD7139B}.Release|Any CPU.ActiveCfg = Release|Any CPU
		{515EA8EA-3A74-40E1-930E-50C2EDD7139B}.Release|Any CPU.Build.0 = Release|Any CPU
		{3213E83F-98E5-44D8-8685-701EADAD6625}.Debug|Any CPU.ActiveCfg = Debug|Any CPU
		{3213E83F-98E5-44D8-8685-701EADAD6625}.Debug|Any CPU.Build.0 = Debug|Any CPU
		{3213E83F-98E5-44D8-8685-701EADAD6625}.Release|Any CPU.ActiveCfg = Release|Any CPU
		{3213E83F-98E5-44D8-8685-701EADAD6625}.Release|Any CPU.Build.0 = Release|Any CPU
	EndGlobalSection
	GlobalSection(SolutionProperties) = preSolution
		HideSolutionNode = FALSE
	EndGlobalSection
EndGlobal
